# THIS IS AN AUTOGENERATED FILE. DO NOT EDIT THIS FILE DIRECTLY.
# yarn lockfile v1


affine-hull@^1.0.0:
  version "1.0.0"
  resolved "https://registry.yarnpkg.com/affine-hull/-/affine-hull-1.0.0.tgz#763ff1d38d063ceb7e272f17ee4d7bbcaf905c5d"
  dependencies:
    robust-orientation "^1.1.3"

bit-twiddle@^1.0.0:
  version "1.0.2"
  resolved "https://registry.yarnpkg.com/bit-twiddle/-/bit-twiddle-1.0.2.tgz#0c6c1fabe2b23d17173d9a61b7b7093eb9e1769e"

commander@2:
  version "2.19.0"
  resolved "https://registry.yarnpkg.com/commander/-/commander-2.19.0.tgz#f6198aa84e5b83c46054b94ddedbfed5ee9ff12a"

convex-hull@^1.0.3:
  version "1.0.3"
  resolved "https://registry.yarnpkg.com/convex-hull/-/convex-hull-1.0.3.tgz#20a3aa6ce87f4adea2ff7d17971c9fc1c67e1fff"
  dependencies:
    affine-hull "^1.0.0"
    incremental-convex-hull "^1.0.1"
    monotone-convex-hull-2d "^1.0.1"

d3-dsv@^1.0.10:
  version "1.0.10"
  resolved "https://registry.yarnpkg.com/d3-dsv/-/d3-dsv-1.0.10.tgz#4371c489a2a654a297aca16fcaf605a6f31a6f51"
  dependencies:
    commander "2"
    iconv-lite "0.4"
    rw "1"

earcut@^2.0.0:
  version "2.1.4"
  resolved "https://registry.yarnpkg.com/earcut/-/earcut-2.1.4.tgz#6b161f89bfe4bb08576b9e8af165e1477d6a1c02"

geojson-area@^0.2.1:
  version "0.2.1"
  resolved "https://registry.yarnpkg.com/geojson-area/-/geojson-area-0.2.1.tgz#2537b0982db86309f21d2c428a4257c7a6282cc6"
  dependencies:
    wgs84 "0.0.0"

geojson-normalize@0.0.0:
  version "0.0.0"
  resolved "https://registry.yarnpkg.com/geojson-normalize/-/geojson-normalize-0.0.0.tgz#2dbc3678cd1b31b8179e876bda70cd120dde35c0"

geojson-random@^0.2.2:
  version "0.2.2"
  resolved "https://registry.yarnpkg.com/geojson-random/-/geojson-random-0.2.2.tgz#ab4838f126adc5e16f8f94e655def820f9119dbc"

iconv-lite@0.4:
  version "0.4.24"
  resolved "https://registry.yarnpkg.com/iconv-lite/-/iconv-lite-0.4.24.tgz#2022b4b25fbddc21d2f524974a474aafe733908b"
  dependencies:
    safer-buffer ">= 2.1.2 < 3"

incremental-convex-hull@^1.0.1:
  version "1.0.1"
  resolved "https://registry.yarnpkg.com/incremental-convex-hull/-/incremental-convex-hull-1.0.1.tgz#51428c14cb9d9a6144bfe69b2851fb377334be1e"
  dependencies:
    robust-orientation "^1.1.2"
    simplicial-complex "^1.0.0"

jsts@1.1.2:
  version "1.1.2"
  resolved "https://registry.yarnpkg.com/jsts/-/jsts-1.1.2.tgz#d205d2cc8393081d9e484ae36282110695edc230"

lodash@^4.17.11:
  version "4.17.11"
  resolved "https://registry.yarnpkg.com/lodash/-/lodash-4.17.11.tgz#b39ea6229ef607ecd89e2c8df12536891cac9b8d"

minimist@^1.1.0:
  version "1.2.0"
  resolved "https://registry.yarnpkg.com/minimist/-/minimist-1.2.0.tgz#a35008b20f41383eec1fb914f4cd5df79a264284"

monotone-convex-hull-2d@^1.0.1:
  version "1.0.1"
  resolved "https://registry.yarnpkg.com/monotone-convex-hull-2d/-/monotone-convex-hull-2d-1.0.1.tgz#47f5daeadf3c4afd37764baa1aa8787a40eee08c"
  dependencies:
    robust-orientation "^1.1.3"

robust-orientation@^1.1.2, robust-orientation@^1.1.3:
  version "1.1.3"
  resolved "https://registry.yarnpkg.com/robust-orientation/-/robust-orientation-1.1.3.tgz#daff5b00d3be4e60722f0e9c0156ef967f1c2049"
  dependencies:
    robust-scale "^1.0.2"
    robust-subtract "^1.0.0"
    robust-sum "^1.0.0"
    two-product "^1.0.2"

robust-scale@^1.0.2:
  version "1.0.2"
  resolved "https://registry.yarnpkg.com/robust-scale/-/robust-scale-1.0.2.tgz#775132ed09542d028e58b2cc79c06290bcf78c32"
  dependencies:
    two-product "^1.0.2"
    two-sum "^1.0.0"

robust-subtract@^1.0.0:
  version "1.0.0"
  resolved "https://registry.yarnpkg.com/robust-subtract/-/robust-subtract-1.0.0.tgz#e0b164e1ed8ba4e3a5dda45a12038348dbed3e9a"

robust-sum@^1.0.0:
  version "1.0.0"
  resolved "https://registry.yarnpkg.com/robust-sum/-/robust-sum-1.0.0.tgz#16646e525292b4d25d82757a286955e0bbfa53d9"

rw@1:
  version "1.3.3"
  resolved "https://registry.yarnpkg.com/rw/-/rw-1.3.3.tgz#3f862dfa91ab766b14885ef4d01124bfda074fb4"

"safer-buffer@>= 2.1.2 < 3":
  version "2.1.2"
  resolved "https://registry.yarnpkg.com/safer-buffer/-/safer-buffer-2.1.2.tgz#44fa161b0187b9549dd84bb91802f9bd8385cd6a"

simplicial-complex@^1.0.0:
  version "1.0.0"
  resolved "https://registry.yarnpkg.com/simplicial-complex/-/simplicial-complex-1.0.0.tgz#6c33a4ed69fcd4d91b7bcadd3b30b63683eae241"
  dependencies:
    bit-twiddle "^1.0.0"
    union-find "^1.0.0"

simplify-js@^1.2.1:
  version "1.2.3"
  resolved "https://registry.yarnpkg.com/simplify-js/-/simplify-js-1.2.3.tgz#a3422c1b9884d60421345eb44d2b872662df27f5"

turf-along@^3.0.12:
  version "3.0.12"
  resolved "https://registry.yarnpkg.com/turf-along/-/turf-along-3.0.12.tgz#e622bde7a4bd138c09647d4b14aa0ea700485de6"
  dependencies:
    turf-bearing "^3.0.12"
    turf-destination "^3.0.12"
    turf-distance "^3.0.12"
    turf-helpers "^3.0.12"

turf-area@^3.0.12:
  version "3.0.12"
  resolved "https://registry.yarnpkg.com/turf-area/-/turf-area-3.0.12.tgz#9b7e469ef9fb558fd147bb0c214823263bdbf13c"
  dependencies:
    geojson-area "^0.2.1"

turf-bbox-polygon@^3.0.12:
  version "3.0.12"
  resolved "https://registry.yarnpkg.com/turf-bbox-polygon/-/turf-bbox-polygon-3.0.12.tgz#330dc0bb38322d61545df966ce6c80f685acf4f2"
  dependencies:
    turf-helpers "^3.0.12"

turf-bbox@^3.0.12:
  version "3.0.12"
  resolved "https://registry.yarnpkg.com/turf-bbox/-/turf-bbox-3.0.12.tgz#3fa06117c8443860ec80ac60fd5d2f1320bfb1be"
  dependencies:
    turf-meta "^3.0.12"

turf-bearing@^3.0.12:
  version "3.0.12"
  resolved "https://registry.yarnpkg.com/turf-bearing/-/turf-bearing-3.0.12.tgz#65f609dd850e7364c7771aa6ded87b0e1917fd20"
  dependencies:
    turf-invariant "^3.0.12"

turf-bezier@^3.0.12:
  version "3.0.12"
  resolved "https://registry.yarnpkg.com/turf-bezier/-/turf-bezier-3.0.12.tgz#102efdd4a63b265ee9c8c1727631920b36f4dd02"
  dependencies:
    turf-helpers "^3.0.12"

turf-buffer@^3.0.12:
  version "3.0.12"
  resolved "https://registry.yarnpkg.com/turf-buffer/-/turf-buffer-3.0.12.tgz#20840fe7c6aa67b24be1cab7ffcc5a82fd6bd971"
  dependencies:
    geojson-normalize "0.0.0"
    jsts "1.1.2"
    turf-combine "^3.0.12"
    turf-helpers "^3.0.12"

turf-center@^3.0.12:
  version "3.0.12"
  resolved "https://registry.yarnpkg.com/turf-center/-/turf-center-3.0.12.tgz#45dd6c1729bb867291e3e002e9c7506f8c440196"
  dependencies:
    turf-bbox "^3.0.12"
    turf-helpers "^3.0.12"

turf-centroid@^3.0.12:
  version "3.0.12"
  resolved "https://registry.yarnpkg.com/turf-centroid/-/turf-centroid-3.0.12.tgz#eaee0d698204b57fc33994bb1bc867b8da293f8f"
  dependencies:
    turf-helpers "^3.0.12"
    turf-meta "^3.0.12"

turf-circle@^3.0.12:
  version "3.0.12"
  resolved "https://registry.yarnpkg.com/turf-circle/-/turf-circle-3.0.12.tgz#140b21cb4950f2d3cbc70d2df012936867f58930"
  dependencies:
    turf-destination "^3.0.12"
    turf-helpers "^3.0.12"

turf-collect@^3.0.12:
  version "3.0.12"
  resolved "https://registry.yarnpkg.com/turf-collect/-/turf-collect-3.0.12.tgz#6e986d1a707da319cc83e7238d0bcdf19aa3c7f2"
  dependencies:
    turf-inside "^3.0.12"

turf-combine@^3.0.12:
  version "3.0.12"
  resolved "https://registry.yarnpkg.com/turf-combine/-/turf-combine-3.0.12.tgz#1670746f0fdce0d1ea8aa6a29ffe5438d446cf73"
  dependencies:
    turf-meta "^3.0.12"

turf-concave@^3.0.12:
  version "3.0.12"
  resolved "https://registry.yarnpkg.com/turf-concave/-/turf-concave-3.0.12.tgz#fcab6056965b0a8319f6cd802601095f2fd3a8eb"
  dependencies:
    turf-distance "^3.0.12"
    turf-meta "^3.0.12"
    turf-tin "^3.0.12"
    turf-union "^3.0.12"

turf-convex@^3.0.12:
  version "3.0.12"
  resolved "https://registry.yarnpkg.com/turf-convex/-/turf-convex-3.0.12.tgz#a88ddc3e22d1cb658796a9c85d3ada3bd3eca357"
  dependencies:
    convex-hull "^1.0.3"
    turf-helpers "^3.0.12"
    turf-meta "^3.0.12"

turf-destination@^3.0.12:
  version "3.0.12"
  resolved "https://registry.yarnpkg.com/turf-destination/-/turf-destination-3.0.12.tgz#7dd6fbf97e86f831a26c83ef2d5a2f8d1d8a6de2"
  dependencies:
    turf-helpers "^3.0.12"
    turf-invariant "^3.0.12"

turf-difference@^3.0.12:
  version "3.0.12"
  resolved "https://registry.yarnpkg.com/turf-difference/-/turf-difference-3.0.12.tgz#9c3d0d7630421005b8b25b7f068ed9efb4bc6ea7"
  dependencies:
    jsts "1.1.2"
    turf-helpers "^3.0.12"

turf-distance@^3.0.12:
  version "3.0.12"
  resolved "https://registry.yarnpkg.com/turf-distance/-/turf-distance-3.0.12.tgz#fb97b8705facd993b145e014b41862610eeca449"
  dependencies:
    turf-helpers "^3.0.12"
    turf-invariant "^3.0.12"

turf-envelope@^3.0.12:
  version "3.0.12"
  resolved "https://registry.yarnpkg.com/turf-envelope/-/turf-envelope-3.0.12.tgz#96921d278cc8c664692e320e2543b914080d786b"
  dependencies:
    turf-bbox "^3.0.12"
    turf-bbox-polygon "^3.0.12"

turf-explode@^3.0.12:
  version "3.0.12"
  resolved "https://registry.yarnpkg.com/turf-explode/-/turf-explode-3.0.12.tgz#c5ae28c284cd006c56511ec7d408c48a5414ecfe"
  dependencies:
    turf-helpers "^3.0.12"
    turf-meta "^3.0.12"

turf-flip@^3.0.12:
  version "3.0.12"
  resolved "https://registry.yarnpkg.com/turf-flip/-/turf-flip-3.0.12.tgz#deb868177b9ff3bb310c5d41aaac61a9156a3cbb"
  dependencies:
    turf-meta "^3.0.12"

turf-grid@1.0.1:
  version "1.0.1"
  resolved "https://registry.yarnpkg.com/turf-grid/-/turf-grid-1.0.1.tgz#b904abc564b939b627a66ac15eb16e053829b80f"
  dependencies:
    turf-point "^2.0.0"

turf-helpers@^3.0.12:
  version "3.0.12"
  resolved "https://registry.yarnpkg.com/turf-helpers/-/turf-helpers-3.0.12.tgz#dd4272e74b3ad7c96eecb7ae5c57fe8eca544b7b"

turf-hex-grid@^3.0.12:
  version "3.0.12"
  resolved "https://registry.yarnpkg.com/turf-hex-grid/-/turf-hex-grid-3.0.12.tgz#0698ef669020bb31d8e9cc2056d0abfcafc84e8f"
  dependencies:
    turf-distance "^3.0.12"
    turf-helpers "^3.0.12"

turf-inside@^3.0.12:
  version "3.0.12"
  resolved "https://registry.yarnpkg.com/turf-inside/-/turf-inside-3.0.12.tgz#9ba40fa6eed63bec7e7d88aa6427622c4df07066"
  dependencies:
    turf-invariant "^3.0.12"

turf-intersect@^3.0.12:
  version "3.0.12"
  resolved "https://registry.yarnpkg.com/turf-intersect/-/turf-intersect-3.0.12.tgz#c0d7fb305843a19275670057a39d268b17830d83"
  dependencies:
    jsts "1.1.2"

turf-invariant@^3.0.12:
  version "3.0.12"
  resolved "https://registry.yarnpkg.com/turf-invariant/-/turf-invariant-3.0.12.tgz#3b95253953991ebd962dd35d4f6704c287de8ebe"

turf-isolines@^3.0.12:
  version "3.0.12"
  resolved "https://registry.yarnpkg.com/turf-isolines/-/turf-isolines-3.0.12.tgz#00b233dfe2eebd4ecb47a94fc923c6ecec89c7ab"
  dependencies:
    turf-bbox "^3.0.12"
    turf-grid "1.0.1"
    turf-helpers "^3.0.12"
    turf-inside "^3.0.12"
    turf-planepoint "^3.0.12"
    turf-square "^3.0.12"
    turf-tin "^3.0.12"

turf-kinks@^3.0.12:
  version "3.0.12"
  resolved "https://registry.yarnpkg.com/turf-kinks/-/turf-kinks-3.0.12.tgz#e9c9a8dba5724d98f2350fc5bdeba069ec333755"
  dependencies:
    turf-helpers "^3.0.12"

turf-line-distance@^3.0.12:
  version "3.0.12"
  resolved "https://registry.yarnpkg.com/turf-line-distance/-/turf-line-distance-3.0.12.tgz#7108f5b26907f7b8c2dd1b3997866dd3a60e8f5f"
  dependencies:
    turf-distance "^3.0.12"
    turf-helpers "^3.0.12"

turf-line-slice@^3.0.12:
  version "3.0.12"
  resolved "https://registry.yarnpkg.com/turf-line-slice/-/turf-line-slice-3.0.12.tgz#f5f1accc92adae69ea1ac0b29f07529a28dde916"
  dependencies:
    turf-bearing "^3.0.12"
    turf-destination "^3.0.12"
    turf-distance "^3.0.12"
    turf-helpers "^3.0.12"
    turf-point-on-line "^3.0.12"

turf-meta@^3.0.12:
  version "3.0.12"
  resolved "https://registry.yarnpkg.com/turf-meta/-/turf-meta-3.0.12.tgz#0aa9a1caf82b2a5a08d54e0830b5b5a3fa0e8a38"

turf-midpoint@^3.0.12:
  version "3.0.12"
  resolved "https://registry.yarnpkg.com/turf-midpoint/-/turf-midpoint-3.0.12.tgz#b12765ae89acdee8556fd5e26c9c5fa041a02cbe"
  dependencies:
    turf-bearing "^3.0.12"
    turf-destination "^3.0.12"
    turf-distance "^3.0.12"
    turf-invariant "^3.0.12"

turf-nearest@^3.0.12:
  version "3.0.12"
  resolved "https://registry.yarnpkg.com/turf-nearest/-/turf-nearest-3.0.12.tgz#700207f4443f05096f86cd246f929f170dfaf46d"
  dependencies:
    turf-distance "^3.0.12"

turf-planepoint@^3.0.12:
  version "3.0.12"
  resolved "https://registry.yarnpkg.com/turf-planepoint/-/turf-planepoint-3.0.12.tgz#2c37ae0f17fcb30db6e38f0d59ee6c0dd6caa9af"

turf-point-grid@^3.0.12:
  version "3.0.12"
  resolved "https://registry.yarnpkg.com/turf-point-grid/-/turf-point-grid-3.0.12.tgz#d604978be10bc9e53306ae02cef7098431db4971"
  dependencies:
    turf-distance "^3.0.12"
    turf-helpers "^3.0.12"

turf-point-on-line@^3.0.12:
  version "3.0.12"
  resolved "https://registry.yarnpkg.com/turf-point-on-line/-/turf-point-on-line-3.0.12.tgz#1d8663354e70372db1863e6253e9040c47127b0f"
  dependencies:
    turf-bearing "^3.0.12"
    turf-destination "^3.0.12"
    turf-distance "^3.0.12"
    turf-helpers "^3.0.12"

turf-point-on-surface@^3.0.12:
  version "3.0.12"
  resolved "https://registry.yarnpkg.com/turf-point-on-surface/-/turf-point-on-surface-3.0.12.tgz#9be505b6b0ba78e98565001de3b3a4267115240a"
  dependencies:
    turf-center "^3.0.12"
    turf-distance "^3.0.12"
    turf-explode "^3.0.12"
    turf-helpers "^3.0.12"
    turf-inside "^3.0.12"

turf-point@^2.0.0:
  version "2.0.1"
  resolved "https://registry.yarnpkg.com/turf-point/-/turf-point-2.0.1.tgz#a2dcc30a2d20f44cf5c6271df7bae2c0e2146069"
  dependencies:
    minimist "^1.1.0"

turf-random@^3.0.12:
  version "3.0.12"
  resolved "https://registry.yarnpkg.com/turf-random/-/turf-random-3.0.12.tgz#34dbb141c3f1eaeae1424fd6c5eaba1f6fb9b1e8"
  dependencies:
    geojson-random "^0.2.2"

turf-sample@^3.0.12:
  version "3.0.12"
  resolved "https://registry.yarnpkg.com/turf-sample/-/turf-sample-3.0.12.tgz#7949f8620612047e1314c1ced87e99c142463cd2"
  dependencies:
    turf-helpers "^3.0.12"

turf-simplify@^3.0.12:
  version "3.0.12"
  resolved "https://registry.yarnpkg.com/turf-simplify/-/turf-simplify-3.0.12.tgz#85e443c8b46aa2b7526389444c7381daa2ad19e7"
  dependencies:
    simplify-js "^1.2.1"

turf-square-grid@^3.0.12:
  version "3.0.12"
  resolved "https://registry.yarnpkg.com/turf-square-grid/-/turf-square-grid-3.0.12.tgz#3c1d80ac14556c6813b478bda012512ed4b93ec8"
  dependencies:
    turf-distance "^3.0.12"
    turf-helpers "^3.0.12"

turf-square@^3.0.12:
  version "3.0.12"
  resolved "https://registry.yarnpkg.com/turf-square/-/turf-square-3.0.12.tgz#1a38b1e0fb05ffe0fcaa43188e2f37942a515b64"
  dependencies:
    turf-distance "^3.0.12"
    turf-helpers "^3.0.12"

turf-tag@^3.0.12:
  version "3.0.12"
  resolved "https://registry.yarnpkg.com/turf-tag/-/turf-tag-3.0.12.tgz#2284fff0e8a1e92a27d4ac7fd7471b3c48ddd1a8"
  dependencies:
    turf-inside "^3.0.12"

turf-tesselate@^3.0.12:
  version "3.0.12"
  resolved "https://registry.yarnpkg.com/turf-tesselate/-/turf-tesselate-3.0.12.tgz#41474b7b5b3820bcf273fb71e1894d8c3cd40d35"
  dependencies:
    earcut "^2.0.0"
    turf-helpers "^3.0.12"

turf-tin@^3.0.12:
  version "3.0.12"
  resolved "https://registry.yarnpkg.com/turf-tin/-/turf-tin-3.0.12.tgz#b6534644763ace1c9df241c958d2384855257385"
  dependencies:
    turf-helpers "^3.0.12"

turf-triangle-grid@^3.0.12:
  version "3.0.12"
  resolved "https://registry.yarnpkg.com/turf-triangle-grid/-/turf-triangle-grid-3.0.12.tgz#80647e57dafe09346879a29a18a0e6294acf1159"
  dependencies:
    turf-distance "^3.0.12"
    turf-helpers "^3.0.12"

turf-union@^3.0.12:
  version "3.0.12"
  resolved "https://registry.yarnpkg.com/turf-union/-/turf-union-3.0.12.tgz#dfed0e5540b8c2855e4994c14621e3a60c829c8e"
  dependencies:
    jsts "1.1.2"

turf-within@^3.0.12:
  version "3.0.12"
  resolved "https://registry.yarnpkg.com/turf-within/-/turf-within-3.0.12.tgz#f77eeaf377238561b7fb1338e76e9d1298741f94"
  dependencies:
    turf-helpers "^3.0.12"
    turf-inside "^3.0.12"

turf@^3.0.14:
  version "3.0.14"
  resolved "https://registry.yarnpkg.com/turf/-/turf-3.0.14.tgz#eb2f4a80a2d583b8c6486bc7b5c7190466866c27"
  dependencies:
    turf-along "^3.0.12"
    turf-area "^3.0.12"
    turf-bbox "^3.0.12"
    turf-bbox-polygon "^3.0.12"
    turf-bearing "^3.0.12"
    turf-bezier "^3.0.12"
    turf-buffer "^3.0.12"
    turf-center "^3.0.12"
    turf-centroid "^3.0.12"
    turf-circle "^3.0.12"
    turf-collect "^3.0.12"
    turf-combine "^3.0.12"
    turf-concave "^3.0.12"
    turf-convex "^3.0.12"
    turf-destination "^3.0.12"
    turf-difference "^3.0.12"
    turf-distance "^3.0.12"
    turf-envelope "^3.0.12"
    turf-explode "^3.0.12"
    turf-flip "^3.0.12"
    turf-helpers "^3.0.12"
    turf-hex-grid "^3.0.12"
    turf-inside "^3.0.12"
    turf-intersect "^3.0.12"
    turf-isolines "^3.0.12"
    turf-kinks "^3.0.12"
    turf-line-distance "^3.0.12"
    turf-line-slice "^3.0.12"
    turf-meta "^3.0.12"
    turf-midpoint "^3.0.12"
    turf-nearest "^3.0.12"
    turf-planepoint "^3.0.12"
    turf-point-grid "^3.0.12"
    turf-point-on-line "^3.0.12"
    turf-point-on-surface "^3.0.12"
    turf-random "^3.0.12"
    turf-sample "^3.0.12"
    turf-simplify "^3.0.12"
    turf-square "^3.0.12"
    turf-square-grid "^3.0.12"
    turf-tag "^3.0.12"
    turf-tesselate "^3.0.12"
    turf-tin "^3.0.12"
    turf-triangle-grid "^3.0.12"
    turf-union "^3.0.12"
    turf-within "^3.0.12"

two-product@^1.0.2:
  version "1.0.2"
  resolved "https://registry.yarnpkg.com/two-product/-/two-product-1.0.2.tgz#67d95d4b257a921e2cb4bd7af9511f9088522eaa"

two-sum@^1.0.0:
  version "1.0.0"
  resolved "https://registry.yarnpkg.com/two-sum/-/two-sum-1.0.0.tgz#31d3f32239e4f731eca9df9155e2b297f008ab64"

union-find@^1.0.0:
  version "1.0.2"
  resolved "https://registry.yarnpkg.com/union-find/-/union-find-1.0.2.tgz#292bac415e6ad3a89535d237010db4a536284e58"

wgs84@0.0.0:
  version "0.0.0"
  resolved "https://registry.yarnpkg.com/wgs84/-/wgs84-0.0.0.tgz#34fdc555917b6e57cf2a282ed043710c049cdc76"
